
Microsoft Visual Studio Solution File, Format Version 12.00
# Visual Studio Version 17
VisualStudioVersion = 17.7.34031.279
MinimumVisualStudioVersion = 10.0.40219.1
Project("{2150E333-8FDC-42A3-9474-1A3956D46DE8}") = "DesignPatterns", "DesignPatterns", "{F5556FCA-7124-4EC7-83E8-F5E08950618E}"
EndProject
Project("{2150E333-8FDC-42A3-9474-1A3956D46DE8}") = "01-Singleton", "01-Singleton", "{65AF0C1D-3275-4EC0-AB3E-C6271675770A}"
EndProject
Project("{9A19103F-16F7-4668-BE54-9A1E7A4F7556}") = "Singleton", "DesignPatterns\Creational\Singleton\Singleton.csproj", "{5BFA082F-2EF0-42DD-9F06-A3F121739743}"
EndProject
Project("{2150E333-8FDC-42A3-9474-1A3956D46DE8}") = "A-Creational", "A-Creational", "{9B3FD2F1-A0FB-41AB-B830-8197C9F49DF8}"
EndProject
Project("{2150E333-8FDC-42A3-9474-1A3956D46DE8}") = "02-Factory", "02-Factory", "{3A94F4A8-FF3A-483E-9E46-12BBDCA8AFB7}"
EndProject
Project("{9A19103F-16F7-4668-BE54-9A1E7A4F7556}") = "Factory", "DesignPatterns\Creational\Factory\Factory.csproj", "{D3B53E2A-A162-48F0-A9B6-B154ECA5C89E}"
EndProject
Project("{9A19103F-16F7-4668-BE54-9A1E7A4F7556}") = "AbstractFactory", "DesignPatterns\Creational\AbstractFactory\AbstractFactory.csproj", "{282DF287-5E57-4319-A74E-57016054CD27}"
EndProject
Project("{2150E333-8FDC-42A3-9474-1A3956D46DE8}") = "03-Builder", "03-Builder", "{01DA2D4F-BB5F-4F88-9925-3EB0C5942847}"
EndProject
Project("{9A19103F-16F7-4668-BE54-9A1E7A4F7556}") = "Builder", "DesignPatterns\Creational\Builder\Builder.csproj", "{61AE928C-2431-4AE4-AD93-1169FD4A036F}"
EndProject
Project("{2150E333-8FDC-42A3-9474-1A3956D46DE8}") = "04-Prototype", "04-Prototype", "{4AC7B37E-A4CA-493F-9B70-CABF2AFACA5D}"
EndProject
Project("{9A19103F-16F7-4668-BE54-9A1E7A4F7556}") = "Prototype", "DesignPatterns\Creational\Prototype\Prototype.csproj", "{961C0A10-2F3B-4EC3-98E0-76B455896725}"
EndProject
Project("{2150E333-8FDC-42A3-9474-1A3956D46DE8}") = "B-Structural", "B-Structural", "{0FF9C131-78E6-4A35-8792-280BCB15F8F3}"
EndProject
Project("{2150E333-8FDC-42A3-9474-1A3956D46DE8}") = "01-Adapter", "01-Adapter", "{D299D880-CD19-4BE0-A8C1-C6B930520EBB}"
EndProject
Project("{9A19103F-16F7-4668-BE54-9A1E7A4F7556}") = "Adapter", "DesignPatterns\Structural\Adapter\Adapter.csproj", "{1613B80F-02FD-4855-9943-BAED1918AC7E}"
EndProject
Project("{2150E333-8FDC-42A3-9474-1A3956D46DE8}") = "02-Bridge", "02-Bridge", "{3BDF5BB0-A899-40E9-99F4-47CE1A278565}"
EndProject
Project("{9A19103F-16F7-4668-BE54-9A1E7A4F7556}") = "Bridge", "DesignPatterns\Structural\Bridge\Bridge.csproj", "{33E705C4-4F69-4D80-BED4-A25DAB7A11A3}"
EndProject
Project("{2150E333-8FDC-42A3-9474-1A3956D46DE8}") = "03-Decorator", "03-Decorator", "{6896EFA2-9F87-4751-AC40-5E8ECBE9ED78}"
EndProject
Project("{9A19103F-16F7-4668-BE54-9A1E7A4F7556}") = "Decorator", "DesignPatterns\Structural\Decorator\Decorator.csproj", "{226D4B4F-2C5A-4FE2-B5DB-37EB4704918A}"
EndProject
Project("{2150E333-8FDC-42A3-9474-1A3956D46DE8}") = "C-Behavioral", "C-Behavioral", "{325FE349-00B9-40A7-83A1-3FC4AD301AB4}"
EndProject
Project("{2150E333-8FDC-42A3-9474-1A3956D46DE8}") = "04-Composite", "04-Composite", "{EF048996-3428-46A0-A7A5-F340EB2FD97B}"
EndProject
Project("{9A19103F-16F7-4668-BE54-9A1E7A4F7556}") = "Composite", "DesignPatterns\Structural\Composite\Composite.csproj", "{C6F42EF1-B2FF-4342-B8F1-BF110BDE24AB}"
EndProject
Project("{2150E333-8FDC-42A3-9474-1A3956D46DE8}") = "05-Facade", "05-Facade", "{B7DA60B3-CFEB-4523-84BB-B8E9590494BE}"
EndProject
Project("{9A19103F-16F7-4668-BE54-9A1E7A4F7556}") = "Facade", "DesignPatterns\Structural\Facade\Facade.csproj", "{7BCE8993-3465-4C11-98B5-2B3AF769E863}"
EndProject
Project("{2150E333-8FDC-42A3-9474-1A3956D46DE8}") = "06-Proxy", "06-Proxy", "{8879909F-AF77-489B-A058-7A9629207EA9}"
EndProject
Project("{9A19103F-16F7-4668-BE54-9A1E7A4F7556}") = "Proxy", "DesignPatterns\Structural\Proxy\Proxy\Proxy.csproj", "{AB77A5F7-701F-46D7-812A-CF2048FB94AE}"
EndProject
Project("{2150E333-8FDC-42A3-9474-1A3956D46DE8}") = "07-Flyweight", "07-Flyweight", "{5387AAEF-E084-4B7B-92A5-A2B640C1FC39}"
EndProject
Project("{9A19103F-16F7-4668-BE54-9A1E7A4F7556}") = "Flyweight", "DesignPatterns\Structural\Flyweight\Flyweight.csproj", "{34990ED6-830D-40BC-9140-7EC9F34ADD1F}"
EndProject
Project("{2150E333-8FDC-42A3-9474-1A3956D46DE8}") = "01-TemplateMethod", "01-TemplateMethod", "{00F2D4F1-2752-4105-ADB9-A4B67C6EAC93}"
EndProject
Project("{9A19103F-16F7-4668-BE54-9A1E7A4F7556}") = "TemplateMethod", "DesignPatterns\Behavioral\TemplateMethod\TemplateMethod.csproj", "{0E3975AF-6A97-4D90-AD67-51C79F93BC21}"
EndProject
Project("{2150E333-8FDC-42A3-9474-1A3956D46DE8}") = "02-Strategy", "02-Strategy", "{E55DC4CB-6C57-45B6-9B5F-44E7C21CDA31}"
EndProject
Project("{9A19103F-16F7-4668-BE54-9A1E7A4F7556}") = "Strategy", "DesignPatterns\Behavioral\Strategy\Strategy.csproj", "{BCD80783-AD12-49C6-8A24-9475472D1687}"
EndProject
Project("{2150E333-8FDC-42A3-9474-1A3956D46DE8}") = "03-Command", "03-Command", "{C0A7CDE4-82E7-4494-BABF-032B05259C98}"
EndProject
Project("{9A19103F-16F7-4668-BE54-9A1E7A4F7556}") = "Command", "DesignPatterns\Behavioral\Command\Command.csproj", "{83679C18-EE0D-4541-9E2C-B2E821778C87}"
EndProject
Project("{2150E333-8FDC-42A3-9474-1A3956D46DE8}") = "04-Memento", "04-Memento", "{B750E8E5-F2BA-4E6A-9272-8AFD4CCA0950}"
EndProject
Project("{9A19103F-16F7-4668-BE54-9A1E7A4F7556}") = "Memento", "DesignPatterns\Behavioral\Memento\Memento.csproj", "{C5F3D7FC-6A48-4842-AC9A-B8C3CA2033CD}"
EndProject
Project("{2150E333-8FDC-42A3-9474-1A3956D46DE8}") = "05-Mediator", "05-Mediator", "{D9C1ADE9-E6BD-4530-A494-654D40A02AA5}"
EndProject
Project("{FAE04EC0-301F-11D3-BF4B-00C04F79EFBC}") = "Mediator", "DesignPatterns\Behavioral\Mediator\Mediator.csproj", "{FDAA0A4B-91E6-4E2A-83DD-67B5B4E8D09A}"
EndProject
Project("{2150E333-8FDC-42A3-9474-1A3956D46DE8}") = "06-ChainOfResponsibility", "06-ChainOfResponsibility", "{4D30A5B8-8109-4587-85CE-7C11BD3EC55C}"
EndProject
Project("{FAE04EC0-301F-11D3-BF4B-00C04F79EFBC}") = "ChainOfResponsibility", "DesignPatterns\Behavioral\ChainOfResponsibility\ChainOfResponsibility.csproj", "{F9F6973A-E8DC-4C3A-ACA5-5D964BE8249C}"
EndProject
Project("{2150E333-8FDC-42A3-9474-1A3956D46DE8}") = "07-Observer", "07-Observer", "{506F1659-5C79-401A-9E39-3D26A6E3FE81}"
EndProject
Project("{FAE04EC0-301F-11D3-BF4B-00C04F79EFBC}") = "Observer", "DesignPatterns\Behavioral\Observer\Observer.csproj", "{D9A49598-8624-4492-9663-54683187C481}"
EndProject
Project("{2150E333-8FDC-42A3-9474-1A3956D46DE8}") = "08-State", "08-State", "{C8647D7C-865C-4262-B6BC-48FF092A1851}"
EndProject
Project("{FAE04EC0-301F-11D3-BF4B-00C04F79EFBC}") = "State", "DesignPatterns\Behavioral\State\State.csproj", "{661A653F-99F7-4100-B1F1-16173C4E1813}"
EndProject
Project("{2150E333-8FDC-42A3-9474-1A3956D46DE8}") = "09-Iterator", "09-Iterator", "{F28AB342-0D14-40DF-8142-02199FB37292}"
EndProject
Project("{FAE04EC0-301F-11D3-BF4B-00C04F79EFBC}") = "Iterator", "DesignPatterns\Behavioral\Iterator\Iterator.csproj", "{EC8E41BB-ABAE-447C-87CF-C8521D039862}"
EndProject
Project("{2150E333-8FDC-42A3-9474-1A3956D46DE8}") = "10-Visitor", "10-Visitor", "{F506A360-2416-49C0-9320-2B9CA67FF344}"
EndProject
Project("{FAE04EC0-301F-11D3-BF4B-00C04F79EFBC}") = "Visitor", "DesignPatterns\Behavioral\Visitor\Visitor.csproj", "{6AF3A54C-7810-4E4A-8073-113ADD7D3DBF}"
EndProject
Project("{2150E333-8FDC-42A3-9474-1A3956D46DE8}") = "11-Interpreter", "11-Interpreter", "{287D6F8D-084D-436F-A52E-833E7859308D}"
EndProject
Project("{FAE04EC0-301F-11D3-BF4B-00C04F79EFBC}") = "Interpreter", "DesignPatterns\Behavioral\Interpreter\Interpreter.csproj", "{3A8A2EA7-9624-4CE5-85BD-09BEA76CC914}"
EndProject
Global
	GlobalSection(SolutionConfigurationPlatforms) = preSolution
		Debug|Any CPU = Debug|Any CPU
		Release|Any CPU = Release|Any CPU
	EndGlobalSection
	GlobalSection(ProjectConfigurationPlatforms) = postSolution
		{5BFA082F-2EF0-42DD-9F06-A3F121739743}.Debug|Any CPU.ActiveCfg = Debug|Any CPU
		{5BFA082F-2EF0-42DD-9F06-A3F121739743}.Debug|Any CPU.Build.0 = Debug|Any CPU
		{5BFA082F-2EF0-42DD-9F06-A3F121739743}.Release|Any CPU.ActiveCfg = Release|Any CPU
		{5BFA082F-2EF0-42DD-9F06-A3F121739743}.Release|Any CPU.Build.0 = Release|Any CPU
		{D3B53E2A-A162-48F0-A9B6-B154ECA5C89E}.Debug|Any CPU.ActiveCfg = Debug|Any CPU
		{D3B53E2A-A162-48F0-A9B6-B154ECA5C89E}.Debug|Any CPU.Build.0 = Debug|Any CPU
		{D3B53E2A-A162-48F0-A9B6-B154ECA5C89E}.Release|Any CPU.ActiveCfg = Release|Any CPU
		{D3B53E2A-A162-48F0-A9B6-B154ECA5C89E}.Release|Any CPU.Build.0 = Release|Any CPU
		{282DF287-5E57-4319-A74E-57016054CD27}.Debug|Any CPU.ActiveCfg = Debug|Any CPU
		{282DF287-5E57-4319-A74E-57016054CD27}.Debug|Any CPU.Build.0 = Debug|Any CPU
		{282DF287-5E57-4319-A74E-57016054CD27}.Release|Any CPU.ActiveCfg = Release|Any CPU
		{282DF287-5E57-4319-A74E-57016054CD27}.Release|Any CPU.Build.0 = Release|Any CPU
		{61AE928C-2431-4AE4-AD93-1169FD4A036F}.Debug|Any CPU.ActiveCfg = Debug|Any CPU
		{61AE928C-2431-4AE4-AD93-1169FD4A036F}.Debug|Any CPU.Build.0 = Debug|Any CPU
		{61AE928C-2431-4AE4-AD93-1169FD4A036F}.Release|Any CPU.ActiveCfg = Release|Any CPU
		{61AE928C-2431-4AE4-AD93-1169FD4A036F}.Release|Any CPU.Build.0 = Release|Any CPU
		{961C0A10-2F3B-4EC3-98E0-76B455896725}.Debug|Any CPU.ActiveCfg = Debug|Any CPU
		{961C0A10-2F3B-4EC3-98E0-76B455896725}.Debug|Any CPU.Build.0 = Debug|Any CPU
		{961C0A10-2F3B-4EC3-98E0-76B455896725}.Release|Any CPU.ActiveCfg = Release|Any CPU
		{961C0A10-2F3B-4EC3-98E0-76B455896725}.Release|Any CPU.Build.0 = Release|Any CPU
		{1613B80F-02FD-4855-9943-BAED1918AC7E}.Debug|Any CPU.ActiveCfg = Debug|Any CPU
		{1613B80F-02FD-4855-9943-BAED1918AC7E}.Debug|Any CPU.Build.0 = Debug|Any CPU
		{1613B80F-02FD-4855-9943-BAED1918AC7E}.Release|Any CPU.ActiveCfg = Release|Any CPU
		{1613B80F-02FD-4855-9943-BAED1918AC7E}.Release|Any CPU.Build.0 = Release|Any CPU
		{33E705C4-4F69-4D80-BED4-A25DAB7A11A3}.Debug|Any CPU.ActiveCfg = Debug|Any CPU
		{33E705C4-4F69-4D80-BED4-A25DAB7A11A3}.Debug|Any CPU.Build.0 = Debug|Any CPU
		{33E705C4-4F69-4D80-BED4-A25DAB7A11A3}.Release|Any CPU.ActiveCfg = Release|Any CPU
		{33E705C4-4F69-4D80-BED4-A25DAB7A11A3}.Release|Any CPU.Build.0 = Release|Any CPU
		{226D4B4F-2C5A-4FE2-B5DB-37EB4704918A}.Debug|Any CPU.ActiveCfg = Debug|Any CPU
		{226D4B4F-2C5A-4FE2-B5DB-37EB4704918A}.Debug|Any CPU.Build.0 = Debug|Any CPU
		{226D4B4F-2C5A-4FE2-B5DB-37EB4704918A}.Release|Any CPU.ActiveCfg = Release|Any CPU
		{226D4B4F-2C5A-4FE2-B5DB-37EB4704918A}.Release|Any CPU.Build.0 = Release|Any CPU
		{C6F42EF1-B2FF-4342-B8F1-BF110BDE24AB}.Debug|Any CPU.ActiveCfg = Debug|Any CPU
		{C6F42EF1-B2FF-4342-B8F1-BF110BDE24AB}.Debug|Any CPU.Build.0 = Debug|Any CPU
		{C6F42EF1-B2FF-4342-B8F1-BF110BDE24AB}.Release|Any CPU.ActiveCfg = Release|Any CPU
		{C6F42EF1-B2FF-4342-B8F1-BF110BDE24AB}.Release|Any CPU.Build.0 = Release|Any CPU
		{7BCE8993-3465-4C11-98B5-2B3AF769E863}.Debug|Any CPU.ActiveCfg = Debug|Any CPU
		{7BCE8993-3465-4C11-98B5-2B3AF769E863}.Debug|Any CPU.Build.0 = Debug|Any CPU
		{7BCE8993-3465-4C11-98B5-2B3AF769E863}.Release|Any CPU.ActiveCfg = Release|Any CPU
		{7BCE8993-3465-4C11-98B5-2B3AF769E863}.Release|Any CPU.Build.0 = Release|Any CPU
		{AB77A5F7-701F-46D7-812A-CF2048FB94AE}.Debug|Any CPU.ActiveCfg = Debug|Any CPU
		{AB77A5F7-701F-46D7-812A-CF2048FB94AE}.Debug|Any CPU.Build.0 = Debug|Any CPU
		{AB77A5F7-701F-46D7-812A-CF2048FB94AE}.Release|Any CPU.ActiveCfg = Release|Any CPU
		{AB77A5F7-701F-46D7-812A-CF2048FB94AE}.Release|Any CPU.Build.0 = Release|Any CPU
		{34990ED6-830D-40BC-9140-7EC9F34ADD1F}.Debug|Any CPU.ActiveCfg = Debug|Any CPU
		{34990ED6-830D-40BC-9140-7EC9F34ADD1F}.Debug|Any CPU.Build.0 = Debug|Any CPU
		{34990ED6-830D-40BC-9140-7EC9F34ADD1F}.Release|Any CPU.ActiveCfg = Release|Any CPU
		{34990ED6-830D-40BC-9140-7EC9F34ADD1F}.Release|Any CPU.Build.0 = Release|Any CPU
		{0E3975AF-6A97-4D90-AD67-51C79F93BC21}.Debug|Any CPU.ActiveCfg = Debug|Any CPU
		{0E3975AF-6A97-4D90-AD67-51C79F93BC21}.Debug|Any CPU.Build.0 = Debug|Any CPU
		{0E3975AF-6A97-4D90-AD67-51C79F93BC21}.Release|Any CPU.ActiveCfg = Release|Any CPU
		{0E3975AF-6A97-4D90-AD67-51C79F93BC21}.Release|Any CPU.Build.0 = Release|Any CPU
		{BCD80783-AD12-49C6-8A24-9475472D1687}.Debug|Any CPU.ActiveCfg = Debug|Any CPU
		{BCD80783-AD12-49C6-8A24-9475472D1687}.Debug|Any CPU.Build.0 = Debug|Any CPU
		{BCD80783-AD12-49C6-8A24-9475472D1687}.Release|Any CPU.ActiveCfg = Release|Any CPU
		{BCD80783-AD12-49C6-8A24-9475472D1687}.Release|Any CPU.Build.0 = Release|Any CPU
		{83679C18-EE0D-4541-9E2C-B2E821778C87}.Debug|Any CPU.ActiveCfg = Debug|Any CPU
		{83679C18-EE0D-4541-9E2C-B2E821778C87}.Debug|Any CPU.Build.0 = Debug|Any CPU
		{83679C18-EE0D-4541-9E2C-B2E821778C87}.Release|Any CPU.ActiveCfg = Release|Any CPU
		{83679C18-EE0D-4541-9E2C-B2E821778C87}.Release|Any CPU.Build.0 = Release|Any CPU
		{C5F3D7FC-6A48-4842-AC9A-B8C3CA2033CD}.Debug|Any CPU.ActiveCfg = Debug|Any CPU
		{C5F3D7FC-6A48-4842-AC9A-B8C3CA2033CD}.Debug|Any CPU.Build.0 = Debug|Any CPU
		{C5F3D7FC-6A48-4842-AC9A-B8C3CA2033CD}.Release|Any CPU.ActiveCfg = Release|Any CPU
		{C5F3D7FC-6A48-4842-AC9A-B8C3CA2033CD}.Release|Any CPU.Build.0 = Release|Any CPU
		{FDAA0A4B-91E6-4E2A-83DD-67B5B4E8D09A}.Debug|Any CPU.ActiveCfg = Debug|Any CPU
		{FDAA0A4B-91E6-4E2A-83DD-67B5B4E8D09A}.Debug|Any CPU.Build.0 = Debug|Any CPU
		{FDAA0A4B-91E6-4E2A-83DD-67B5B4E8D09A}.Release|Any CPU.ActiveCfg = Release|Any CPU
		{FDAA0A4B-91E6-4E2A-83DD-67B5B4E8D09A}.Release|Any CPU.Build.0 = Release|Any CPU
		{F9F6973A-E8DC-4C3A-ACA5-5D964BE8249C}.Debug|Any CPU.ActiveCfg = Debug|Any CPU
		{F9F6973A-E8DC-4C3A-ACA5-5D964BE8249C}.Debug|Any CPU.Build.0 = Debug|Any CPU
		{F9F6973A-E8DC-4C3A-ACA5-5D964BE8249C}.Release|Any CPU.ActiveCfg = Release|Any CPU
		{F9F6973A-E8DC-4C3A-ACA5-5D964BE8249C}.Release|Any CPU.Build.0 = Release|Any CPU
		{D9A49598-8624-4492-9663-54683187C481}.Debug|Any CPU.ActiveCfg = Debug|Any CPU
		{D9A49598-8624-4492-9663-54683187C481}.Debug|Any CPU.Build.0 = Debug|Any CPU
		{D9A49598-8624-4492-9663-54683187C481}.Release|Any CPU.ActiveCfg = Release|Any CPU
		{D9A49598-8624-4492-9663-54683187C481}.Release|Any CPU.Build.0 = Release|Any CPU
		{661A653F-99F7-4100-B1F1-16173C4E1813}.Debug|Any CPU.ActiveCfg = Debug|Any CPU
		{661A653F-99F7-4100-B1F1-16173C4E1813}.Debug|Any CPU.Build.0 = Debug|Any CPU
		{661A653F-99F7-4100-B1F1-16173C4E1813}.Release|Any CPU.ActiveCfg = Release|Any CPU
		{661A653F-99F7-4100-B1F1-16173C4E1813}.Release|Any CPU.Build.0 = Release|Any CPU
		{EC8E41BB-ABAE-447C-87CF-C8521D039862}.Debug|Any CPU.ActiveCfg = Debug|Any CPU
		{EC8E41BB-ABAE-447C-87CF-C8521D039862}.Debug|Any CPU.Build.0 = Debug|Any CPU
		{EC8E41BB-ABAE-447C-87CF-C8521D039862}.Release|Any CPU.ActiveCfg = Release|Any CPU
		{EC8E41BB-ABAE-447C-87CF-C8521D039862}.Release|Any CPU.Build.0 = Release|Any CPU
		{6AF3A54C-7810-4E4A-8073-113ADD7D3DBF}.Debug|Any CPU.ActiveCfg = Debug|Any CPU
		{6AF3A54C-7810-4E4A-8073-113ADD7D3DBF}.Debug|Any CPU.Build.0 = Debug|Any CPU
		{6AF3A54C-7810-4E4A-8073-113ADD7D3DBF}.Release|Any CPU.ActiveCfg = Release|Any CPU
		{6AF3A54C-7810-4E4A-8073-113ADD7D3DBF}.Release|Any CPU.Build.0 = Release|Any CPU
		{3A8A2EA7-9624-4CE5-85BD-09BEA76CC914}.Debug|Any CPU.ActiveCfg = Debug|Any CPU
		{3A8A2EA7-9624-4CE5-85BD-09BEA76CC914}.Debug|Any CPU.Build.0 = Debug|Any CPU
		{3A8A2EA7-9624-4CE5-85BD-09BEA76CC914}.Release|Any CPU.ActiveCfg = Release|Any CPU
		{3A8A2EA7-9624-4CE5-85BD-09BEA76CC914}.Release|Any CPU.Build.0 = Release|Any CPU
	EndGlobalSection
	GlobalSection(SolutionProperties) = preSolution
		HideSolutionNode = FALSE
	EndGlobalSection
	GlobalSection(NestedProjects) = preSolution
		{65AF0C1D-3275-4EC0-AB3E-C6271675770A} = {9B3FD2F1-A0FB-41AB-B830-8197C9F49DF8}
		{5BFA082F-2EF0-42DD-9F06-A3F121739743} = {65AF0C1D-3275-4EC0-AB3E-C6271675770A}
		{9B3FD2F1-A0FB-41AB-B830-8197C9F49DF8} = {F5556FCA-7124-4EC7-83E8-F5E08950618E}
		{3A94F4A8-FF3A-483E-9E46-12BBDCA8AFB7} = {9B3FD2F1-A0FB-41AB-B830-8197C9F49DF8}
		{D3B53E2A-A162-48F0-A9B6-B154ECA5C89E} = {3A94F4A8-FF3A-483E-9E46-12BBDCA8AFB7}
		{282DF287-5E57-4319-A74E-57016054CD27} = {3A94F4A8-FF3A-483E-9E46-12BBDCA8AFB7}
		{01DA2D4F-BB5F-4F88-9925-3EB0C5942847} = {9B3FD2F1-A0FB-41AB-B830-8197C9F49DF8}
		{61AE928C-2431-4AE4-AD93-1169FD4A036F} = {01DA2D4F-BB5F-4F88-9925-3EB0C5942847}
		{4AC7B37E-A4CA-493F-9B70-CABF2AFACA5D} = {9B3FD2F1-A0FB-41AB-B830-8197C9F49DF8}
		{961C0A10-2F3B-4EC3-98E0-76B455896725} = {4AC7B37E-A4CA-493F-9B70-CABF2AFACA5D}
		{0FF9C131-78E6-4A35-8792-280BCB15F8F3} = {F5556FCA-7124-4EC7-83E8-F5E08950618E}
		{D299D880-CD19-4BE0-A8C1-C6B930520EBB} = {0FF9C131-78E6-4A35-8792-280BCB15F8F3}
		{1613B80F-02FD-4855-9943-BAED1918AC7E} = {D299D880-CD19-4BE0-A8C1-C6B930520EBB}
		{3BDF5BB0-A899-40E9-99F4-47CE1A278565} = {0FF9C131-78E6-4A35-8792-280BCB15F8F3}
		{33E705C4-4F69-4D80-BED4-A25DAB7A11A3} = {3BDF5BB0-A899-40E9-99F4-47CE1A278565}
		{6896EFA2-9F87-4751-AC40-5E8ECBE9ED78} = {0FF9C131-78E6-4A35-8792-280BCB15F8F3}
		{226D4B4F-2C5A-4FE2-B5DB-37EB4704918A} = {6896EFA2-9F87-4751-AC40-5E8ECBE9ED78}
		{325FE349-00B9-40A7-83A1-3FC4AD301AB4} = {F5556FCA-7124-4EC7-83E8-F5E08950618E}
		{EF048996-3428-46A0-A7A5-F340EB2FD97B} = {0FF9C131-78E6-4A35-8792-280BCB15F8F3}
		{C6F42EF1-B2FF-4342-B8F1-BF110BDE24AB} = {EF048996-3428-46A0-A7A5-F340EB2FD97B}
		{B7DA60B3-CFEB-4523-84BB-B8E9590494BE} = {0FF9C131-78E6-4A35-8792-280BCB15F8F3}
		{7BCE8993-3465-4C11-98B5-2B3AF769E863} = {B7DA60B3-CFEB-4523-84BB-B8E9590494BE}
		{8879909F-AF77-489B-A058-7A9629207EA9} = {0FF9C131-78E6-4A35-8792-280BCB15F8F3}
		{AB77A5F7-701F-46D7-812A-CF2048FB94AE} = {8879909F-AF77-489B-A058-7A9629207EA9}
		{5387AAEF-E084-4B7B-92A5-A2B640C1FC39} = {0FF9C131-78E6-4A35-8792-280BCB15F8F3}
		{34990ED6-830D-40BC-9140-7EC9F34ADD1F} = {5387AAEF-E084-4B7B-92A5-A2B640C1FC39}
		{00F2D4F1-2752-4105-ADB9-A4B67C6EAC93} = {325FE349-00B9-40A7-83A1-3FC4AD301AB4}
		{0E3975AF-6A97-4D90-AD67-51C79F93BC21} = {00F2D4F1-2752-4105-ADB9-A4B67C6EAC93}
		{E55DC4CB-6C57-45B6-9B5F-44E7C21CDA31} = {325FE349-00B9-40A7-83A1-3FC4AD301AB4}
		{BCD80783-AD12-49C6-8A24-9475472D1687} = {E55DC4CB-6C57-45B6-9B5F-44E7C21CDA31}
		{C0A7CDE4-82E7-4494-BABF-032B05259C98} = {325FE349-00B9-40A7-83A1-3FC4AD301AB4}
		{83679C18-EE0D-4541-9E2C-B2E821778C87} = {C0A7CDE4-82E7-4494-BABF-032B05259C98}
		{B750E8E5-F2BA-4E6A-9272-8AFD4CCA0950} = {325FE349-00B9-40A7-83A1-3FC4AD301AB4}
		{C5F3D7FC-6A48-4842-AC9A-B8C3CA2033CD} = {B750E8E5-F2BA-4E6A-9272-8AFD4CCA0950}
		{D9C1ADE9-E6BD-4530-A494-654D40A02AA5} = {325FE349-00B9-40A7-83A1-3FC4AD301AB4}
		{FDAA0A4B-91E6-4E2A-83DD-67B5B4E8D09A} = {D9C1ADE9-E6BD-4530-A494-654D40A02AA5}
		{4D30A5B8-8109-4587-85CE-7C11BD3EC55C} = {325FE349-00B9-40A7-83A1-3FC4AD301AB4}
		{F9F6973A-E8DC-4C3A-ACA5-5D964BE8249C} = {4D30A5B8-8109-4587-85CE-7C11BD3EC55C}
		{506F1659-5C79-401A-9E39-3D26A6E3FE81} = {325FE349-00B9-40A7-83A1-3FC4AD301AB4}
		{D9A49598-8624-4492-9663-54683187C481} = {506F1659-5C79-401A-9E39-3D26A6E3FE81}
		{C8647D7C-865C-4262-B6BC-48FF092A1851} = {325FE349-00B9-40A7-83A1-3FC4AD301AB4}
		{661A653F-99F7-4100-B1F1-16173C4E1813} = {C8647D7C-865C-4262-B6BC-48FF092A1851}
		{F28AB342-0D14-40DF-8142-02199FB37292} = {325FE349-00B9-40A7-83A1-3FC4AD301AB4}
		{EC8E41BB-ABAE-447C-87CF-C8521D039862} = {F28AB342-0D14-40DF-8142-02199FB37292}
		{F506A360-2416-49C0-9320-2B9CA67FF344} = {325FE349-00B9-40A7-83A1-3FC4AD301AB4}
		{6AF3A54C-7810-4E4A-8073-113ADD7D3DBF} = {F506A360-2416-49C0-9320-2B9CA67FF344}
		{287D6F8D-084D-436F-A52E-833E7859308D} = {325FE349-00B9-40A7-83A1-3FC4AD301AB4}
		{3A8A2EA7-9624-4CE5-85BD-09BEA76CC914} = {287D6F8D-084D-436F-A52E-833E7859308D}
	EndGlobalSection
	GlobalSection(ExtensibilityGlobals) = postSolution
		SolutionGuid = {8568FF5A-DA89-4B4F-9D87-EDB3B3869EB1}
	EndGlobalSection
EndGlobal
